
Microsoft Visual Studio Solution File, Format Version 12.00
# Visual Studio 14
VisualStudioVersion = 14.0.25420.1
MinimumVisualStudioVersion = 10.0.40219.1
Project("{FAE04EC0-301F-11D3-BF4B-00C04F79EFBC}") = "QRCodeReader", "QRCodeReader\QRCodeReader.csproj", "{637CBA42-F2C5-435D-92A1-D472C46A76C8}"
EndProject
Project("{FAE04EC0-301F-11D3-BF4B-00C04F79EFBC}") = "QRCR", "QRCR\QRCR.csproj", "{39B6DA04-B98F-4B84-9837-35BE61C9F354}"
EndProject
Global
	GlobalSection(SolutionConfigurationPlatforms) = preSolution
		Debug|Any CPU = Debug|Any CPU
		Release|Any CPU = Release|Any CPU
	EndGlobalSection
	GlobalSection(ProjectConfigurationPlatforms) = postSolution
		{637CBA42-F2C5-435D-92A1-D472C46A76C8}.Debug|Any CPU.ActiveCfg = Debug|Any CPU
		{637CBA42-F2C5-435D-92A1-D472C46A76C8}.Debug|Any CPU.Build.0 = Debug|Any CPU
		{637CBA42-F2C5-435D-92A1-D472C46A76C8}.Release|Any CPU.ActiveCfg = Release|Any CPU
		{637CBA42-F2C5-435D-92A1-D472C46A76C8}.Release|Any CPU.Build.0 = Release|Any CPU
		{39B6DA04-B98F-4B84-9837-35BE61C9F354}.Debug|Any CPU.ActiveCfg = Debug|Any CPU
		{39B6DA04-B98F-4B84-9837-35BE61C9F354}.Debug|Any CPU.Build.0 = Debug|Any CPU
		{39B6DA04-B98F-4B84-9837-35BE61C9F354}.Release|Any CPU.ActiveCfg = Release|Any CPU
		{39B6DA04-B98F-4B84-9837-35BE61C9F354}.Release|Any CPU.Build.0 = Release|Any CPU
	EndGlobalSection
	GlobalSection(SolutionProperties) = preSolution
		HideSolutionNode = FALSE
	EndGlobalSection
EndGlobal
